
Microsoft Visual Studio Solution File, Format Version 10.00
# Visual Studio 2008
Project("{8BC9CEB8-8B4A-11D0-8D11-00A0C91BC942}") = "IvaLab", "IvaLab\IvaLab.vcproj", "{D8F0BDC1-E7B1-44C9-B7F1-E4D199411226}"
EndProject
Global
	GlobalSection(SolutionConfigurationPlatforms) = preSolution
		Debug|Win32 = Debug|Win32
		Release|Win32 = Release|Win32
	EndGlobalSection
	GlobalSection(ProjectConfigurationPlatforms) = postSolution
		{D8F0BDC1-E7B1-44C9-B7F1-E4D199411226}.Debug|Win32.ActiveCfg = Debug|Win32
		{D8F0BDC1-E7B1-44C9-B7F1-E4D199411226}.Debug|Win32.Build.0 = Debug|Win32
		{D8F0BDC1-E7B1-44C9-B7F1-E4D199411226}.Release|Win32.ActiveCfg = Release|Win32
		{D8F0BDC1-E7B1-44C9-B7F1-E4D199411226}.Release|Win32.Build.0 = Release|Win32
	EndGlobalSection
	GlobalSection(SolutionProperties) = preSolution
		HideSolutionNode = FALSE
	EndGlobalSection
EndGlobal
